
Microsoft Visual Studio Solution File, Format Version 12.00
# Visual Studio Version 16
VisualStudioVersion = 16.0.30011.22
MinimumVisualStudioVersion = 10.0.40219.1
Project("{FAE04EC0-301F-11D3-BF4B-00C04F79EFBC}") = "TransactionEF", "TransactionEF\TransactionEF.csproj", "{1BDCBE65-E40D-4DA8-B828-058DC9AF3355}"
EndProject
Global
	GlobalSection(SolutionConfigurationPlatforms) = preSolution
		Debug|Any CPU = Debug|Any CPU
		Release|Any CPU = Release|Any CPU
	EndGlobalSection
	GlobalSection(ProjectConfigurationPlatforms) = postSolution
		{1BDCBE65-E40D-4DA8-B828-058DC9AF3355}.Debug|Any CPU.ActiveCfg = Debug|Any CPU
		{1BDCBE65-E40D-4DA8-B828-058DC9AF3355}.Debug|Any CPU.Build.0 = Debug|Any CPU
		{1BDCBE65-E40D-4DA8-B828-058DC9AF3355}.Release|Any CPU.ActiveCfg = Release|Any CPU
		{1BDCBE65-E40D-4DA8-B828-058DC9AF3355}.Release|Any CPU.Build.0 = Release|Any CPU
	EndGlobalSection
	GlobalSection(SolutionProperties) = preSolution
		HideSolutionNode = FALSE
	EndGlobalSection
	GlobalSection(ExtensibilityGlobals) = postSolution
		SolutionGuid = {D7B14DC3-F3A3-4A68-A5CD-CA7177C7BEAE}
	EndGlobalSection
EndGlobal
